
Microsoft Visual Studio Solution File, Format Version 12.00
# Visual Studio Version 16
VisualStudioVersion = 16.0.28803.202
MinimumVisualStudioVersion = 10.0.40219.1
Project("{FAE04EC0-301F-11D3-BF4B-00C04F79EFBC}") = "EmployeeManagement", "EmployeeManagement\EmployeeManagement.csproj", "{03148B70-FCA6-47C4-A39A-D938B60F7DB6}"
EndProject
Global
	GlobalSection(SolutionConfigurationPlatforms) = preSolution
		Debug|Any CPU = Debug|Any CPU
		Release|Any CPU = Release|Any CPU
	EndGlobalSection
	GlobalSection(ProjectConfigurationPlatforms) = postSolution
		{03148B70-FCA6-47C4-A39A-D938B60F7DB6}.Debug|Any CPU.ActiveCfg = Debug|Any CPU
		{03148B70-FCA6-47C4-A39A-D938B60F7DB6}.Debug|Any CPU.Build.0 = Debug|Any CPU
		{03148B70-FCA6-47C4-A39A-D938B60F7DB6}.Release|Any CPU.ActiveCfg = Release|Any CPU
		{03148B70-FCA6-47C4-A39A-D938B60F7DB6}.Release|Any CPU.Build.0 = Release|Any CPU
	EndGlobalSection
	GlobalSection(SolutionProperties) = preSolution
		HideSolutionNode = FALSE
	EndGlobalSection
	GlobalSection(ExtensibilityGlobals) = postSolution
		SolutionGuid = {D0C08AE5-5D8A-4EA4-89C1-05CFD6717396}
	EndGlobalSection
EndGlobal
